
Microsoft Visual Studio Solution File, Format Version 12.00
# Visual Studio 15
VisualStudioVersion = 15.0.27004.2002
MinimumVisualStudioVersion = 10.0.40219.1
Project("{9A19103F-16F7-4668-BE54-9A1E7A4F7556}") = "ProducerAndConsumer", "ProducerAndConsumer\ProducerAndConsumer.csproj", "{23BFFDE8-0EEE-4A24-87B9-9563B52A2F90}"
EndProject
Project("{FAE04EC0-301F-11D3-BF4B-00C04F79EFBC}") = "HelloWorld.Shared", "HelloWorld.Shared\HelloWorld.Shared.csproj", "{1A31C051-B82F-4B63-98B8-A09C12B71FB0}"
EndProject
Project("{FAE04EC0-301F-11D3-BF4B-00C04F79EFBC}") = "PublishWithConfirmation", "PublishWithConfirmation\PublishWithConfirmation.csproj", "{55B3560B-C7F4-4D3D-8D4E-A8D6E01EDA93}"
EndProject
Global
	GlobalSection(SolutionConfigurationPlatforms) = preSolution
		Debug|Any CPU = Debug|Any CPU
		Release|Any CPU = Release|Any CPU
	EndGlobalSection
	GlobalSection(ProjectConfigurationPlatforms) = postSolution
		{23BFFDE8-0EEE-4A24-87B9-9563B52A2F90}.Debug|Any CPU.ActiveCfg = Debug|Any CPU
		{23BFFDE8-0EEE-4A24-87B9-9563B52A2F90}.Debug|Any CPU.Build.0 = Debug|Any CPU
		{23BFFDE8-0EEE-4A24-87B9-9563B52A2F90}.Release|Any CPU.ActiveCfg = Release|Any CPU
		{23BFFDE8-0EEE-4A24-87B9-9563B52A2F90}.Release|Any CPU.Build.0 = Release|Any CPU
		{1A31C051-B82F-4B63-98B8-A09C12B71FB0}.Debug|Any CPU.ActiveCfg = Debug|Any CPU
		{1A31C051-B82F-4B63-98B8-A09C12B71FB0}.Debug|Any CPU.Build.0 = Debug|Any CPU
		{1A31C051-B82F-4B63-98B8-A09C12B71FB0}.Release|Any CPU.ActiveCfg = Release|Any CPU
		{1A31C051-B82F-4B63-98B8-A09C12B71FB0}.Release|Any CPU.Build.0 = Release|Any CPU
		{55B3560B-C7F4-4D3D-8D4E-A8D6E01EDA93}.Debug|Any CPU.ActiveCfg = Debug|Any CPU
		{55B3560B-C7F4-4D3D-8D4E-A8D6E01EDA93}.Debug|Any CPU.Build.0 = Debug|Any CPU
		{55B3560B-C7F4-4D3D-8D4E-A8D6E01EDA93}.Release|Any CPU.ActiveCfg = Release|Any CPU
		{55B3560B-C7F4-4D3D-8D4E-A8D6E01EDA93}.Release|Any CPU.Build.0 = Release|Any CPU
	EndGlobalSection
	GlobalSection(SolutionProperties) = preSolution
		HideSolutionNode = FALSE
	EndGlobalSection
	GlobalSection(ExtensibilityGlobals) = postSolution
		SolutionGuid = {C6043278-3A72-4095-AD3D-F2D51AAE955F}
	EndGlobalSection
EndGlobal
